
Microsoft Visual Studio Solution File, Format Version 12.00
# Visual Studio 15
VisualStudioVersion = 15.0.28307.329
MinimumVisualStudioVersion = 10.0.40219.1
Project("{FAE04EC0-301F-11D3-BF4B-00C04F79EFBC}") = "Mod2_Lab2", "Mod2_Lab2\Mod2_Lab2.csproj", "{03EAECB2-222C-4113-AB7A-EFF9CE5DE3DC}"
EndProject
Global
	GlobalSection(SolutionConfigurationPlatforms) = preSolution
		Debug|Any CPU = Debug|Any CPU
		Release|Any CPU = Release|Any CPU
	EndGlobalSection
	GlobalSection(ProjectConfigurationPlatforms) = postSolution
		{03EAECB2-222C-4113-AB7A-EFF9CE5DE3DC}.Debug|Any CPU.ActiveCfg = Debug|Any CPU
		{03EAECB2-222C-4113-AB7A-EFF9CE5DE3DC}.Debug|Any CPU.Build.0 = Debug|Any CPU
		{03EAECB2-222C-4113-AB7A-EFF9CE5DE3DC}.Release|Any CPU.ActiveCfg = Release|Any CPU
		{03EAECB2-222C-4113-AB7A-EFF9CE5DE3DC}.Release|Any CPU.Build.0 = Release|Any CPU
	EndGlobalSection
	GlobalSection(SolutionProperties) = preSolution
		HideSolutionNode = FALSE
	EndGlobalSection
	GlobalSection(ExtensibilityGlobals) = postSolution
		SolutionGuid = {5E79E0BE-A2E4-422E-81DC-4B9DB5CCB9F6}
	EndGlobalSection
EndGlobal
